
Microsoft Visual Studio Solution File, Format Version 12.00
# Visual Studio Version 17
VisualStudioVersion = 17.9.34616.47
MinimumVisualStudioVersion = 10.0.40219.1
Project("{FAE04EC0-301F-11D3-BF4B-00C04F79EFBC}") = "Hangman", "Hangman\Hangman.csproj", "{DE2B0D86-C94B-4B9B-9379-28E5D71BF62F}"
EndProject
Global
	GlobalSection(SolutionConfigurationPlatforms) = preSolution
		Debug|Any CPU = Debug|Any CPU
		Release|Any CPU = Release|Any CPU
	EndGlobalSection
	GlobalSection(ProjectConfigurationPlatforms) = postSolution
		{DE2B0D86-C94B-4B9B-9379-28E5D71BF62F}.Debug|Any CPU.ActiveCfg = Debug|Any CPU
		{DE2B0D86-C94B-4B9B-9379-28E5D71BF62F}.Debug|Any CPU.Build.0 = Debug|Any CPU
		{DE2B0D86-C94B-4B9B-9379-28E5D71BF62F}.Release|Any CPU.ActiveCfg = Release|Any CPU
		{DE2B0D86-C94B-4B9B-9379-28E5D71BF62F}.Release|Any CPU.Build.0 = Release|Any CPU
	EndGlobalSection
	GlobalSection(SolutionProperties) = preSolution
		HideSolutionNode = FALSE
	EndGlobalSection
	GlobalSection(ExtensibilityGlobals) = postSolution
		SolutionGuid = {14C4D1F4-7D93-4123-B329-A961EEF331CF}
	EndGlobalSection
EndGlobal
